
Microsoft Visual Studio Solution File, Format Version 12.00
# Visual Studio 15
Project("{FAE04EC0-301F-11D3-BF4B-00C04F79EFBC}") = "Assembly-CSharp", "Assembly-CSharp.csproj", "{505057BB-3B09-B2A1-6B86-D74E5F10CC7E}"
EndProject
Project("{FAE04EC0-301F-11D3-BF4B-00C04F79EFBC}") = "Assembly-CSharp-Editor", "Assembly-CSharp-Editor.csproj", "{A9332940-9405-E845-0C1E-77C751B2C81E}"
EndProject
Global
	GlobalSection(SolutionConfigurationPlatforms) = preSolution
		Debug|Any CPU = Debug|Any CPU
		Release|Any CPU = Release|Any CPU
	EndGlobalSection
	GlobalSection(ProjectConfigurationPlatforms) = postSolution
		{505057BB-3B09-B2A1-6B86-D74E5F10CC7E}.Debug|Any CPU.ActiveCfg = Debug|Any CPU
		{505057BB-3B09-B2A1-6B86-D74E5F10CC7E}.Debug|Any CPU.Build.0 = Debug|Any CPU
		{505057BB-3B09-B2A1-6B86-D74E5F10CC7E}.Release|Any CPU.ActiveCfg = Release|Any CPU
		{505057BB-3B09-B2A1-6B86-D74E5F10CC7E}.Release|Any CPU.Build.0 = Release|Any CPU
		{A9332940-9405-E845-0C1E-77C751B2C81E}.Debug|Any CPU.ActiveCfg = Debug|Any CPU
		{A9332940-9405-E845-0C1E-77C751B2C81E}.Debug|Any CPU.Build.0 = Debug|Any CPU
		{A9332940-9405-E845-0C1E-77C751B2C81E}.Release|Any CPU.ActiveCfg = Release|Any CPU
		{A9332940-9405-E845-0C1E-77C751B2C81E}.Release|Any CPU.Build.0 = Release|Any CPU
	EndGlobalSection
	GlobalSection(SolutionProperties) = preSolution
		HideSolutionNode = FALSE
	EndGlobalSection
EndGlobal
